
Microsoft Visual Studio Solution File, Format Version 12.00
# Visual Studio Express 2012 for Windows Desktop
Project("{FAE04EC0-301F-11D3-BF4B-00C04F79EFBC}") = "RunningAhead2Kml", "RunningAhead2Kml\RunningAhead2Kml.csproj", "{3318AF4F-5DBF-4561-8F06-FC04A5EE0E22}"
EndProject
Global
	GlobalSection(SolutionConfigurationPlatforms) = preSolution
		Debug|Any CPU = Debug|Any CPU
		Release|Any CPU = Release|Any CPU
	EndGlobalSection
	GlobalSection(ProjectConfigurationPlatforms) = postSolution
		{3318AF4F-5DBF-4561-8F06-FC04A5EE0E22}.Debug|Any CPU.ActiveCfg = Debug|Any CPU
		{3318AF4F-5DBF-4561-8F06-FC04A5EE0E22}.Debug|Any CPU.Build.0 = Debug|Any CPU
		{3318AF4F-5DBF-4561-8F06-FC04A5EE0E22}.Release|Any CPU.ActiveCfg = Release|Any CPU
		{3318AF4F-5DBF-4561-8F06-FC04A5EE0E22}.Release|Any CPU.Build.0 = Release|Any CPU
	EndGlobalSection
	GlobalSection(SolutionProperties) = preSolution
		HideSolutionNode = FALSE
	EndGlobalSection
EndGlobal
